
Microsoft Visual Studio Solution File, Format Version 12.00
# Visual Studio Version 17
VisualStudioVersion = 17.6.33829.357
MinimumVisualStudioVersion = 10.0.40219.1
Project("{FAE04EC0-301F-11D3-BF4B-00C04F79EFBC}") = "OneNight.Server", "OneNight\Server\OneNight.Server.csproj", "{B6FFDF7E-071E-4892-A7E3-C836020982C1}"
EndProject
Project("{FAE04EC0-301F-11D3-BF4B-00C04F79EFBC}") = "OneNight.Client", "OneNight\Client\OneNight.Client.csproj", "{61D7207A-3CEA-4720-B2AC-21B65A25B63C}"
EndProject
Project("{FAE04EC0-301F-11D3-BF4B-00C04F79EFBC}") = "OneNight.Shared", "OneNight\Shared\OneNight.Shared.csproj", "{98CF839D-A8A6-4EA5-9B1D-8AD6FC1CD6F6}"
EndProject
Global
	GlobalSection(SolutionConfigurationPlatforms) = preSolution
		Debug|Any CPU = Debug|Any CPU
		Release|Any CPU = Release|Any CPU
	EndGlobalSection
	GlobalSection(ProjectConfigurationPlatforms) = postSolution
		{B6FFDF7E-071E-4892-A7E3-C836020982C1}.Debug|Any CPU.ActiveCfg = Debug|Any CPU
		{B6FFDF7E-071E-4892-A7E3-C836020982C1}.Debug|Any CPU.Build.0 = Debug|Any CPU
		{B6FFDF7E-071E-4892-A7E3-C836020982C1}.Release|Any CPU.ActiveCfg = Release|Any CPU
		{B6FFDF7E-071E-4892-A7E3-C836020982C1}.Release|Any CPU.Build.0 = Release|Any CPU
		{61D7207A-3CEA-4720-B2AC-21B65A25B63C}.Debug|Any CPU.ActiveCfg = Debug|Any CPU
		{61D7207A-3CEA-4720-B2AC-21B65A25B63C}.Debug|Any CPU.Build.0 = Debug|Any CPU
		{61D7207A-3CEA-4720-B2AC-21B65A25B63C}.Release|Any CPU.ActiveCfg = Release|Any CPU
		{61D7207A-3CEA-4720-B2AC-21B65A25B63C}.Release|Any CPU.Build.0 = Release|Any CPU
		{98CF839D-A8A6-4EA5-9B1D-8AD6FC1CD6F6}.Debug|Any CPU.ActiveCfg = Debug|Any CPU
		{98CF839D-A8A6-4EA5-9B1D-8AD6FC1CD6F6}.Debug|Any CPU.Build.0 = Debug|Any CPU
		{98CF839D-A8A6-4EA5-9B1D-8AD6FC1CD6F6}.Release|Any CPU.ActiveCfg = Release|Any CPU
		{98CF839D-A8A6-4EA5-9B1D-8AD6FC1CD6F6}.Release|Any CPU.Build.0 = Release|Any CPU
	EndGlobalSection
	GlobalSection(SolutionProperties) = preSolution
		HideSolutionNode = FALSE
	EndGlobalSection
	GlobalSection(ExtensibilityGlobals) = postSolution
		SolutionGuid = {DB762216-9D8C-4C9A-9A23-2345DFDC6551}
	EndGlobalSection
EndGlobal
